
Microsoft Visual Studio Solution File, Format Version 12.00
# Visual Studio 15
VisualStudioVersion = 15.0.26403.0
MinimumVisualStudioVersion = 10.0.40219.1
Project("{FAE04EC0-301F-11D3-BF4B-00C04F79EFBC}") = "ThingsBook.Data.Interface", "ThingsBook.Data.Interface\ThingsBook.Data.Interface.csproj", "{BD995C19-F811-400F-ACD7-1FF1FE72FB3E}"
EndProject
Project("{FAE04EC0-301F-11D3-BF4B-00C04F79EFBC}") = "ThingsBook.Data.Mongo", "ThingsBook.Data.Mongo\ThingsBook.Data.Mongo.csproj", "{AA93541F-FD39-4947-B272-CC5E9D1749B2}"
EndProject
Project("{FAE04EC0-301F-11D3-BF4B-00C04F79EFBC}") = "ThingsBook.BusinessLogic", "ThingsBook.BusinessLogic\ThingsBook.BusinessLogic.csproj", "{303E1461-FFAD-48FB-AC59-22A42257478A}"
EndProject
Project("{FAE04EC0-301F-11D3-BF4B-00C04F79EFBC}") = "ThingsBook.Data.Mongo.Tests", "ThingsBook.Data.Mongo.Tests\ThingsBook.Data.Mongo.Tests.csproj", "{C9CEE963-4FE0-47BD-BA2B-73F754DC086F}"
EndProject
Project("{FAE04EC0-301F-11D3-BF4B-00C04F79EFBC}") = "ThingsBook.BusinessLogic.Tests", "ThingsBook.BusinessLogic.Tests\ThingsBook.BusinessLogic.Tests.csproj", "{8DA84F86-76D5-4E36-ADB3-03A082300CF0}"
EndProject
Project("{9A19103F-16F7-4668-BE54-9A1E7A4F7556}") = "ThingsBook.IdentityServer", "ThingsBook.IdentityServer\ThingsBook.IdentityServer.csproj", "{8A8C35D0-24A7-468B-982A-136D8BDB1158}"
EndProject
Project("{9A19103F-16F7-4668-BE54-9A1E7A4F7556}") = "ThingsBook.MVCClient", "ThingsBook.MVCClient\ThingsBook.MVCClient.csproj", "{2C225E9F-61DE-49AB-ADE3-F353239960D0}"
EndProject
Project("{FAE04EC0-301F-11D3-BF4B-00C04F79EFBC}") = "ThingsBook.WebAPI", "ThingsBook.WebAPI\ThingsBook.WebAPI.csproj", "{A0CCA723-99E4-4E20-8909-06DED4BEAAB0}"
EndProject
Project("{FAE04EC0-301F-11D3-BF4B-00C04F79EFBC}") = "ThingsBook.WebAPI.Tests", "ThingsBook.WebAPI.Tests\ThingsBook.WebAPI.Tests.csproj", "{A88D62F1-00CA-4AA1-B95A-F4AB3B165D23}"
EndProject
Global
	GlobalSection(SolutionConfigurationPlatforms) = preSolution
		Debug|Any CPU = Debug|Any CPU
		Release|Any CPU = Release|Any CPU
	EndGlobalSection
	GlobalSection(ProjectConfigurationPlatforms) = postSolution
		{BD995C19-F811-400F-ACD7-1FF1FE72FB3E}.Debug|Any CPU.ActiveCfg = Debug|Any CPU
		{BD995C19-F811-400F-ACD7-1FF1FE72FB3E}.Debug|Any CPU.Build.0 = Debug|Any CPU
		{BD995C19-F811-400F-ACD7-1FF1FE72FB3E}.Release|Any CPU.ActiveCfg = Release|Any CPU
		{BD995C19-F811-400F-ACD7-1FF1FE72FB3E}.Release|Any CPU.Build.0 = Release|Any CPU
		{AA93541F-FD39-4947-B272-CC5E9D1749B2}.Debug|Any CPU.ActiveCfg = Debug|Any CPU
		{AA93541F-FD39-4947-B272-CC5E9D1749B2}.Debug|Any CPU.Build.0 = Debug|Any CPU
		{AA93541F-FD39-4947-B272-CC5E9D1749B2}.Release|Any CPU.ActiveCfg = Release|Any CPU
		{AA93541F-FD39-4947-B272-CC5E9D1749B2}.Release|Any CPU.Build.0 = Release|Any CPU
		{303E1461-FFAD-48FB-AC59-22A42257478A}.Debug|Any CPU.ActiveCfg = Debug|Any CPU
		{303E1461-FFAD-48FB-AC59-22A42257478A}.Debug|Any CPU.Build.0 = Debug|Any CPU
		{303E1461-FFAD-48FB-AC59-22A42257478A}.Release|Any CPU.ActiveCfg = Release|Any CPU
		{303E1461-FFAD-48FB-AC59-22A42257478A}.Release|Any CPU.Build.0 = Release|Any CPU
		{C9CEE963-4FE0-47BD-BA2B-73F754DC086F}.Debug|Any CPU.ActiveCfg = Debug|Any CPU
		{C9CEE963-4FE0-47BD-BA2B-73F754DC086F}.Debug|Any CPU.Build.0 = Debug|Any CPU
		{C9CEE963-4FE0-47BD-BA2B-73F754DC086F}.Release|Any CPU.ActiveCfg = Release|Any CPU
		{C9CEE963-4FE0-47BD-BA2B-73F754DC086F}.Release|Any CPU.Build.0 = Release|Any CPU
		{8DA84F86-76D5-4E36-ADB3-03A082300CF0}.Debug|Any CPU.ActiveCfg = Debug|Any CPU
		{8DA84F86-76D5-4E36-ADB3-03A082300CF0}.Debug|Any CPU.Build.0 = Debug|Any CPU
		{8DA84F86-76D5-4E36-ADB3-03A082300CF0}.Release|Any CPU.ActiveCfg = Release|Any CPU
		{8DA84F86-76D5-4E36-ADB3-03A082300CF0}.Release|Any CPU.Build.0 = Release|Any CPU
		{8A8C35D0-24A7-468B-982A-136D8BDB1158}.Debug|Any CPU.ActiveCfg = Debug|Any CPU
		{8A8C35D0-24A7-468B-982A-136D8BDB1158}.Debug|Any CPU.Build.0 = Debug|Any CPU
		{8A8C35D0-24A7-468B-982A-136D8BDB1158}.Release|Any CPU.ActiveCfg = Release|Any CPU
		{8A8C35D0-24A7-468B-982A-136D8BDB1158}.Release|Any CPU.Build.0 = Release|Any CPU
		{2C225E9F-61DE-49AB-ADE3-F353239960D0}.Debug|Any CPU.ActiveCfg = Debug|Any CPU
		{2C225E9F-61DE-49AB-ADE3-F353239960D0}.Debug|Any CPU.Build.0 = Debug|Any CPU
		{2C225E9F-61DE-49AB-ADE3-F353239960D0}.Release|Any CPU.ActiveCfg = Release|Any CPU
		{2C225E9F-61DE-49AB-ADE3-F353239960D0}.Release|Any CPU.Build.0 = Release|Any CPU
		{A0CCA723-99E4-4E20-8909-06DED4BEAAB0}.Debug|Any CPU.ActiveCfg = Debug|Any CPU
		{A0CCA723-99E4-4E20-8909-06DED4BEAAB0}.Debug|Any CPU.Build.0 = Debug|Any CPU
		{A0CCA723-99E4-4E20-8909-06DED4BEAAB0}.Release|Any CPU.ActiveCfg = Release|Any CPU
		{A0CCA723-99E4-4E20-8909-06DED4BEAAB0}.Release|Any CPU.Build.0 = Release|Any CPU
		{A88D62F1-00CA-4AA1-B95A-F4AB3B165D23}.Debug|Any CPU.ActiveCfg = Debug|Any CPU
		{A88D62F1-00CA-4AA1-B95A-F4AB3B165D23}.Debug|Any CPU.Build.0 = Debug|Any CPU
		{A88D62F1-00CA-4AA1-B95A-F4AB3B165D23}.Release|Any CPU.ActiveCfg = Release|Any CPU
		{A88D62F1-00CA-4AA1-B95A-F4AB3B165D23}.Release|Any CPU.Build.0 = Release|Any CPU
	EndGlobalSection
	GlobalSection(SolutionProperties) = preSolution
		HideSolutionNode = FALSE
	EndGlobalSection
	GlobalSection(ExtensibilityGlobals) = postSolution
		SolutionGuid = {4347EE41-5BF3-4730-B3F3-014FB78F2478}
	EndGlobalSection
EndGlobal
